Microsoft Visual Studio Solution File, Format Version 8.00
Project("{FAE04EC0-301F-11D3-BF4B-00C04F79EFBC}") = "diagramme_classe", "diagramme_classe.csproj", "{77DE092B-67A9-45D6-96F8-18DFFC81067E}"
EndProject
Global
	GlobalSection(SolutionConfiguration) = preSolution
		ConfigName.0 = Debug
		ConfigName.1 = Release
	EndGlobalSection
	GlobalSection(ProjectDependencies) = postSolution
	EndGlobalSection
	GlobalSection(ProjectConfiguration) = postSolution
		{77DE092B-67A9-45D6-96F8-18DFFC81067E}.Debug.ActiveCfg = Debug|.NET
		{77DE092B-67A9-45D6-96F8-18DFFC81067E}.Debug.Build.0 = Debug|.NET
		{77DE092B-67A9-45D6-96F8-18DFFC81067E}.Release.ActiveCfg = Release|.NET
		{77DE092B-67A9-45D6-96F8-18DFFC81067E}.Release.Build.0 = Release|.NET
	EndGlobalSection
	GlobalSection(ExtensibilityGlobals) = postSolution
	EndGlobalSection
	GlobalSection(ExtensibilityAddIns) = postSolution
	EndGlobalSection
EndGlobal